
Microsoft Visual Studio Solution File, Format Version 12.00
# Visual Studio Version 17
VisualStudioVersion = 17.14.37314.3 d17.14
MinimumVisualStudioVersion = 10.0.40219.1
Project("{FAE04EC0-301F-11D3-BF4B-00C04F79EFBC}") = "Examples", "Examples.csproj", "{B67BBFF0-5B66-4538-81BF-01E670FB1A01}"
EndProject
Global
	GlobalSection(SolutionConfigurationPlatforms) = preSolution
		Debug|Any CPU = Debug|Any CPU
		Release|Any CPU = Release|Any CPU
	EndGlobalSection
	GlobalSection(ProjectConfigurationPlatforms) = postSolution
		{B67BBFF0-5B66-4538-81BF-01E670FB1A01}.Debug|Any CPU.ActiveCfg = Debug|Any CPU
		{B67BBFF0-5B66-4538-81BF-01E670FB1A01}.Debug|Any CPU.Build.0 = Debug|Any CPU
		{B67BBFF0-5B66-4538-81BF-01E670FB1A01}.Release|Any CPU.ActiveCfg = Release|Any CPU
		{B67BBFF0-5B66-4538-81BF-01E670FB1A01}.Release|Any CPU.Build.0 = Release|Any CPU
	EndGlobalSection
	GlobalSection(SolutionProperties) = preSolution
		HideSolutionNode = FALSE
	EndGlobalSection
	GlobalSection(ExtensibilityGlobals) = postSolution
		SolutionGuid = {460E0986-E846-4C7A-AE47-9CC711DF8FB9}
	EndGlobalSection
EndGlobal
